Microsoft Visual Studio Solution File, Format Version 10.00
# Visual Studio 2008
Project("{FAE04EC0-301F-11D3-BF4B-00C04F79EFBC}") = "OpenPandora", "OpenPandora\OpenPandora.csproj", "{EAB35716-AC4E-409E-A54B-D5B2655F0147}"
EndProject
Global
	GlobalSection(SolutionConfigurationPlatforms) = preSolution
		Debug|Any CPU = Debug|Any CPU
		Release|Any CPU = Release|Any CPU
	EndGlobalSection
	GlobalSection(ProjectConfigurationPlatforms) = postSolution
		{EAB35716-AC4E-409E-A54B-D5B2655F0147}.Debug|Any CPU.ActiveCfg = Debug|Any CPU
		{EAB35716-AC4E-409E-A54B-D5B2655F0147}.Debug|Any CPU.Build.0 = Debug|Any CPU
		{EAB35716-AC4E-409E-A54B-D5B2655F0147}.Release|Any CPU.ActiveCfg = Release|Any CPU
		{EAB35716-AC4E-409E-A54B-D5B2655F0147}.Release|Any CPU.Build.0 = Release|Any CPU
	EndGlobalSection
	GlobalSection(SolutionProperties) = preSolution
		HideSolutionNode = FALSE
	EndGlobalSection
EndGlobal
