Microsoft Visual Studio Solution File, Format Version 8.00
Project("{FAE04EC0-301F-11D3-BF4B-00C04F79EFBC}") = "OpenPandora", "OpenPandora\OpenPandora.csproj", "{EAB35716-AC4E-409E-A54B-D5B2655F0147}"
	ProjectSection(ProjectDependencies) = postProject
	EndProjectSection
EndProject
Global
	GlobalSection(SolutionConfiguration) = preSolution
		Debug = Debug
		Release = Release
	EndGlobalSection
	GlobalSection(ProjectDependencies) = postSolution
	EndGlobalSection
	GlobalSection(ProjectConfiguration) = postSolution
		{EAB35716-AC4E-409E-A54B-D5B2655F0147}.Debug.ActiveCfg = Debug|.NET
		{EAB35716-AC4E-409E-A54B-D5B2655F0147}.Debug.Build.0 = Debug|.NET
		{EAB35716-AC4E-409E-A54B-D5B2655F0147}.Release.ActiveCfg = Release|.NET
		{EAB35716-AC4E-409E-A54B-D5B2655F0147}.Release.Build.0 = Release|.NET
	EndGlobalSection
	GlobalSection(ExtensibilityGlobals) = postSolution
	EndGlobalSection
	GlobalSection(ExtensibilityAddIns) = postSolution
	EndGlobalSection
EndGlobal
